
Microsoft Visual Studio Solution File, Format Version 12.00
# Visual Studio Version 17
VisualStudioVersion = 17.9.34728.123
MinimumVisualStudioVersion = 10.0.40219.1
Project("{FAE04EC0-301F-11D3-BF4B-00C04F79EFBC}") = "QCO", "QCO\QCO.csproj", "{A9E04019-CF39-4E1E-AD65-B215DF9A5450}"
EndProject
Global
	GlobalSection(SolutionConfigurationPlatforms) = preSolution
		Debug|Any CPU = Debug|Any CPU
		Release|Any CPU = Release|Any CPU
	EndGlobalSection
	GlobalSection(ProjectConfigurationPlatforms) = postSolution
		{A9E04019-CF39-4E1E-AD65-B215DF9A5450}.Debug|Any CPU.ActiveCfg = Debug|Any CPU
		{A9E04019-CF39-4E1E-AD65-B215DF9A5450}.Debug|Any CPU.Build.0 = Debug|Any CPU
		{A9E04019-CF39-4E1E-AD65-B215DF9A5450}.Release|Any CPU.ActiveCfg = Release|Any CPU
		{A9E04019-CF39-4E1E-AD65-B215DF9A5450}.Release|Any CPU.Build.0 = Release|Any CPU
	EndGlobalSection
	GlobalSection(SolutionProperties) = preSolution
		HideSolutionNode = FALSE
	EndGlobalSection
	GlobalSection(ExtensibilityGlobals) = postSolution
		SolutionGuid = {5B6436D2-5CCB-4A62-B7FB-84752B6A99B2}
	EndGlobalSection
EndGlobal
